
Microsoft Visual Studio Solution File, Format Version 12.00
# Visual Studio Version 17
VisualStudioVersion = 17.4.32912.340
MinimumVisualStudioVersion = 10.0.40219.1
Project("{FAE04EC0-301F-11D3-BF4B-00C04F79EFBC}") = "InkRecognition", "InkRecognition\InkRecognition.csproj", "{BCD0A8DA-292F-41C3-AAAD-681772035CBB}"
EndProject
Global
	GlobalSection(SolutionConfigurationPlatforms) = preSolution
		Debug|Any CPU = Debug|Any CPU
		Release|Any CPU = Release|Any CPU
	EndGlobalSection
	GlobalSection(ProjectConfigurationPlatforms) = postSolution
		{BCD0A8DA-292F-41C3-AAAD-681772035CBB}.Debug|Any CPU.ActiveCfg = Debug|Any CPU
		{BCD0A8DA-292F-41C3-AAAD-681772035CBB}.Debug|Any CPU.Build.0 = Debug|Any CPU
		{BCD0A8DA-292F-41C3-AAAD-681772035CBB}.Release|Any CPU.ActiveCfg = Release|Any CPU
		{BCD0A8DA-292F-41C3-AAAD-681772035CBB}.Release|Any CPU.Build.0 = Release|Any CPU
	EndGlobalSection
	GlobalSection(SolutionProperties) = preSolution
		HideSolutionNode = FALSE
	EndGlobalSection
	GlobalSection(ExtensibilityGlobals) = postSolution
		SolutionGuid = {10CE6350-154D-447C-8C3F-5913E58F03FD}
	EndGlobalSection
EndGlobal
